
Microsoft Visual Studio Solution File, Format Version 12.00
# Visual Studio Version 17
VisualStudioVersion = 17.2.32630.192
MinimumVisualStudioVersion = 10.0.40219.1
Project("{FAE04EC0-301F-11D3-BF4B-00C04F79EFBC}") = "VersionControl", "VersionControl\VersionControl.csproj", "{76E32700-5060-47EA-BCAA-F71C8D70FA17}"
EndProject
Project("{2150E333-8FDC-42A3-9474-1A3956D46DE8}") = "Solution Items", "Solution Items", "{697E6417-C420-40CA-8EF3-9B1FD8EA2B7B}"
	ProjectSection(SolutionItems) = preProject
		.editorconfig = .editorconfig
	EndProjectSection
EndProject
Global
	GlobalSection(SolutionConfigurationPlatforms) = preSolution
		Debug|Any CPU = Debug|Any CPU
		Release|Any CPU = Release|Any CPU
	EndGlobalSection
	GlobalSection(ProjectConfigurationPlatforms) = postSolution
		{76E32700-5060-47EA-BCAA-F71C8D70FA17}.Debug|Any CPU.ActiveCfg = Debug|Any CPU
		{76E32700-5060-47EA-BCAA-F71C8D70FA17}.Debug|Any CPU.Build.0 = Debug|Any CPU
		{76E32700-5060-47EA-BCAA-F71C8D70FA17}.Release|Any CPU.ActiveCfg = Release|Any CPU
		{76E32700-5060-47EA-BCAA-F71C8D70FA17}.Release|Any CPU.Build.0 = Release|Any CPU
	EndGlobalSection
	GlobalSection(SolutionProperties) = preSolution
		HideSolutionNode = FALSE
	EndGlobalSection
	GlobalSection(ExtensibilityGlobals) = postSolution
		SolutionGuid = {8F9B37F6-DFD7-409C-86D0-B134C4043284}
	EndGlobalSection
EndGlobal
